// !$*UTF8*$!
{
	archiveVersion = 1;
	classes = {
	};
	objectVersion = 50;
	objects = {

/* Begin PBXBuildFile section */
		32714D602654F7CF0009E964 /* Credits.rtf in Resources */ = {isa = PBXBuildFile; fileRef = 32714D5F2654F7CF0009E964 /* Credits.rtf */; };
		32A843F7262062C6001C6693 /* AppDelegate.swift in Sources */ = {isa = PBXBuildFile; fileRef = 32A843F6262062C6001C6693 /* AppDelegate.swift */; };
		32A843F9262062C6001C6693 /* ViewController.swift in Sources */ = {isa = PBXBuildFile; fileRef = 32A843F8262062C6001C6693 /* ViewController.swift */; };
		32A843FB262062C8001C6693 /* Assets.xcassets in Resources */ = {isa = PBXBuildFile; fileRef = 32A843FA262062C8001C6693 /* Assets.xcassets */; };
		32A843FE262062C8001C6693 /* Main.storyboard in Resources */ = {isa = PBXBuildFile; fileRef = 32A843FC262062C8001C6693 /* Main.storyboard */; };
		32A8440E262063CC001C6693 /* LegacyClass.m in Sources */ = {isa = PBXBuildFile; fileRef = 32A8440D262063CC001C6693 /* LegacyClass.m */; };
		32C0367A2654269100F3B543 /* CheckerClass.swift in Sources */ = {isa = PBXBuildFile; fileRef = 32C036792654269000F3B543 /* CheckerClass.swift */; };
/* End PBXBuildFile section */

/* Begin PBXFileReference section */
		32714D5F2654F7CF0009E964 /* Credits.rtf */ = {isa = PBXFileReference; lastKnownFileType = text.rtf; path = Credits.rtf; sourceTree = "<group>"; };
		32A843F3262062C6001C6693 /* DbgDemoUI.app */ = {isa = PBXFileReference; explicitFileType = wrapper.application; includeInIndex = 0; path = DbgDemoUI.app; sourceTree = BUILT_PRODUCTS_DIR; };
		32A843F6262062C6001C6693 /* AppDelegate.swift */ = {isa = PBXFileReference; lastKnownFileType = sourcecode.swift; path = AppDelegate.swift; sourceTree = "<group>"; };
		32A843F8262062C6001C6693 /* ViewController.swift */ = {isa = PBXFileReference; lastKnownFileType = sourcecode.swift; path = ViewController.swift; sourceTree = "<group>"; };
		32A843FA262062C8001C6693 /* Assets.xcassets */ = {isa = PBXFileReference; lastKnownFileType = folder.assetcatalog; path = Assets.xcassets; sourceTree = "<group>"; };
		32A843FD262062C8001C6693 /* Base */ = {isa = PBXFileReference; lastKnownFileType = file.storyboard; name = Base; path = Base.lproj/Main.storyboard; sourceTree = "<group>"; };
		32A843FF262062C8001C6693 /* Info.plist */ = {isa = PBXFileReference; lastKnownFileType = text.plist.xml; path = Info.plist; sourceTree = "<group>"; };
		32A84400262062C8001C6693 /* DbgDemoUI.entitlements */ = {isa = PBXFileReference; lastKnownFileType = text.plist.entitlements; path = DbgDemoUI.entitlements; sourceTree = "<group>"; };
		32A844072620637A001C6693 /* DbgDemoUI-Bridging-Header.h */ = {isa = PBXFileReference; lastKnownFileType = sourcecode.c.h; path = "DbgDemoUI-Bridging-Header.h"; sourceTree = "<group>"; };
		32A8440C262063CC001C6693 /* LegacyClass.h */ = {isa = PBXFileReference; lastKnownFileType = sourcecode.c.h; path = LegacyClass.h; sourceTree = "<group>"; };
		32A8440D262063CC001C6693 /* LegacyClass.m */ = {isa = PBXFileReference; lastKnownFileType = sourcecode.c.objc; path = LegacyClass.m; sourceTree = "<group>"; };
		32C036792654269000F3B543 /* CheckerClass.swift */ = {isa = PBXFileReference; fileEncoding = 4; lastKnownFileType = sourcecode.swift; path = CheckerClass.swift; sourceTree = "<group>"; };
/* End PBXFileReference section */

/* Begin PBXFrameworksBuildPhase section */
		32A843F0262062C6001C6693 /* Frameworks */ = {
			isa = PBXFrameworksBuildPhase;
			buildActionMask = 2147483647;
			files = (
			);
			runOnlyForDeploymentPostprocessing = 0;
		};
/* End PBXFrameworksBuildPhase section */

/* Begin PBXGroup section */
		32A843EA262062C6001C6693 = {
			isa = PBXGroup;
			children = (
				32A843F5262062C6001C6693 /* DbgDemoUI */,
				32A843F4262062C6001C6693 /* Products */,
			);
			sourceTree = "<group>";
		};
		32A843F4262062C6001C6693 /* Products */ = {
			isa = PBXGroup;
			children = (
				32A843F3262062C6001C6693 /* DbgDemoUI.app */,
			);
			name = Products;
			sourceTree = "<group>";
		};
		32A843F5262062C6001C6693 /* DbgDemoUI */ = {
			isa = PBXGroup;
			children = (
				32A843F6262062C6001C6693 /* AppDelegate.swift */,
				32A843F8262062C6001C6693 /* ViewController.swift */,
				32C036792654269000F3B543 /* CheckerClass.swift */,
				32A843FA262062C8001C6693 /* Assets.xcassets */,
				32A843FC262062C8001C6693 /* Main.storyboard */,
				32A843FF262062C8001C6693 /* Info.plist */,
				32A8440C262063CC001C6693 /* LegacyClass.h */,
				32A8440D262063CC001C6693 /* LegacyClass.m */,
				32A84400262062C8001C6693 /* DbgDemoUI.entitlements */,
				32A844072620637A001C6693 /* DbgDemoUI-Bridging-Header.h */,
				32714D5F2654F7CF0009E964 /* Credits.rtf */,
			);
			path = DbgDemoUI;
			sourceTree = "<group>";
		};
/* End PBXGroup section */

/* Begin PBXNativeTarget section */
		32A843F2262062C6001C6693 /* DbgDemoUI */ = {
			isa = PBXNativeTarget;
			buildConfigurationList = 32A84403262062C8001C6693 /* Build configuration list for PBXNativeTarget "DbgDemoUI" */;
			buildPhases = (
				32A843EF262062C6001C6693 /* Sources */,
				32A843F0262062C6001C6693 /* Frameworks */,
				32A843F1262062C6001C6693 /* Resources */,
			);
			buildRules = (
			);
			dependencies = (
			);
			name = DbgDemoUI;
			productName = DbgDemoUI;
			productReference = 32A843F3262062C6001C6693 /* DbgDemoUI.app */;
			productType = "com.apple.product-type.application";
		};
/* End PBXNativeTarget section */

/* Begin PBXProject section */
		32A843EB262062C6001C6693 /* Project object */ = {
			isa = PBXProject;
			attributes = {
				LastSwiftUpdateCheck = 1240;
				LastUpgradeCheck = 1250;
				TargetAttributes = {
					32A843F2262062C6001C6693 = {
						CreatedOnToolsVersion = 12.4;
						LastSwiftMigration = 1240;
					};
				};
			};
			buildConfigurationList = 32A843EE262062C6001C6693 /* Build configuration list for PBXProject "DbgDemoUI" */;
			compatibilityVersion = "Xcode 9.3";
			developmentRegion = en;
			hasScannedForEncodings = 0;
			knownRegions = (
				en,
				Base,
			);
			mainGroup = 32A843EA262062C6001C6693;
			productRefGroup = 32A843F4262062C6001C6693 /* Products */;
			projectDirPath = "";
			projectRoot = "";
			targets = (
				32A843F2262062C6001C6693 /* DbgDemoUI */,
			);
		};
/* End PBXProject section */

/* Begin PBXResourcesBuildPhase section */
		32A843F1262062C6001C6693 /* Resources */ = {
			isa = PBXResourcesBuildPhase;
			buildActionMask = 2147483647;
			files = (
				32A843FB262062C8001C6693 /* Assets.xcassets in Resources */,
				32714D602654F7CF0009E964 /* Credits.rtf in Resources */,
				32A843FE262062C8001C6693 /* Main.storyboard in Resources */,
			);
			runOnlyForDeploymentPostprocessing = 0;
		};
/* End PBXResourcesBuildPhase section */

/* Begin PBXSourcesBuildPhase section */
		32A843EF262062C6001C6693 /* Sources */ = {
			isa = PBXSourcesBuildPhase;
			buildActionMask = 2147483647;
			files = (
				32C0367A2654269100F3B543 /* CheckerClass.swift in Sources */,
				32A843F9262062C6001C6693 /* ViewController.swift in Sources */,
				32A843F7262062C6001C6693 /* AppDelegate.swift in Sources */,
				32A8440E262063CC001C6693 /* LegacyClass.m in Sources */,
			);
			runOnlyForDeploymentPostprocessing = 0;
		};
/* End PBXSourcesBuildPhase section */

/* Begin PBXVariantGroup section */
		32A843FC262062C8001C6693 /* Main.storyboard */ = {
			isa = PBXVariantGroup;
			children = (
				32A843FD262062C8001C6693 /* Base */,
			);
			name = Main.storyboard;
			sourceTree = "<group>";
		};
/* End PBXVariantGroup section */

/* Begin XCBuildConfiguration section */
		32A84401262062C8001C6693 /* Debug */ = {
			isa = XCBuildConfiguration;
			buildSettings = {
				ALWAYS_SEARCH_USER_PATHS = NO;
				CLANG_ANALYZER_NONNULL = YES;
				CLANG_ANALYZER_NUMBER_OBJECT_CONVERSION = YES_AGGRESSIVE;
				CLANG_CXX_LANGUAGE_STANDARD = "gnu++14";
				CLANG_CXX_LIBRARY = "libc++";
				CLANG_ENABLE_MODULES = YES;
				CLANG_ENABLE_OBJC_ARC = YES;
				CLANG_ENABLE_OBJC_WEAK = YES;
				CLANG_WARN_BLOCK_CAPTURE_AUTORELEASING = YES;
				CLANG_WARN_BOOL_CONVERSION = YES;
				CLANG_WARN_COMMA = YES;
				CLANG_WARN_CONSTANT_CONVERSION = YES;
				CLANG_WARN_DEPRECATED_OBJC_IMPLEMENTATIONS = YES;
				CLANG_WARN_DIRECT_OBJC_ISA_USAGE = YES_ERROR;
				CLANG_WARN_DOCUMENTATION_COMMENTS = YES;
				CLANG_WARN_EMPTY_BODY = YES;
				CLANG_WARN_ENUM_CONVERSION = YES;
				CLANG_WARN_INFINITE_RECURSION = YES;
				CLANG_WARN_INT_CONVERSION = YES;
				CLANG_WARN_NON_LITERAL_NULL_CONVERSION = YES;
				CLANG_WARN_OBJC_IMPLICIT_RETAIN_SELF = YES;
				CLANG_WARN_OBJC_LITERAL_CONVERSION = YES;
				CLANG_WARN_OBJC_ROOT_CLASS = YES_ERROR;
				CLANG_WARN_QUOTED_INCLUDE_IN_FRAMEWORK_HEADER = YES;
				CLANG_WARN_RANGE_LOOP_ANALYSIS = YES;
				CLANG_WARN_STRICT_PROTOTYPES = YES;
				CLANG_WARN_SUSPICIOUS_MOVE = YES;
				CLANG_WARN_UNGUARDED_AVAILABILITY = YES_AGGRESSIVE;
				CLANG_WARN_UNREACHABLE_CODE = YES;
				CLANG_WARN__DUPLICATE_METHOD_MATCH = YES;
				COPY_PHASE_STRIP = NO;
				DEBUG_INFORMATION_FORMAT = dwarf;
				ENABLE_STRICT_OBJC_MSGSEND = YES;
				ENABLE_TESTABILITY = YES;
				GCC_C_LANGUAGE_STANDARD = gnu11;
				GCC_DYNAMIC_NO_PIC = NO;
				GCC_NO_COMMON_BLOCKS = YES;
				GCC_OPTIMIZATION_LEVEL = 0;
				GCC_PREPROCESSOR_DEFINITIONS = (
					"DEBUG=1",
					"$(inherited)",
				);
				GCC_WARN_64_TO_32_BIT_CONVERSION = YES;
				GCC_WARN_ABOUT_RETURN_TYPE = YES_ERROR;
				GCC_WARN_UNDECLARED_SELECTOR = YES;
				GCC_WARN_UNINITIALIZED_AUTOS = YES_AGGRESSIVE;
				GCC_WARN_UNUSED_FUNCTION = YES;
				GCC_WARN_UNUSED_VARIABLE = YES;
				MACOSX_DEPLOYMENT_TARGET = 10.14;
				MTL_ENABLE_DEBUG_INFO = INCLUDE_SOURCE;
				MTL_FAST_MATH = YES;
				ONLY_ACTIVE_ARCH = YES;
				PRODUCT_BUNDLE_IDENTIFIER = de.belox.DbgDemoUI;
				SDKROOT = macosx;
				SWIFT_ACTIVE_COMPILATION_CONDITIONS = DEBUG;
				SWIFT_OPTIMIZATION_LEVEL = "-Onone";
			};
			name = Debug;
		};
		32A84402262062C8001C6693 /* Release */ = {
			isa = XCBuildConfiguration;
			buildSettings = {
				ALWAYS_SEARCH_USER_PATHS = NO;
				CLANG_ANALYZER_NONNULL = YES;
				CLANG_ANALYZER_NUMBER_OBJECT_CONVERSION = YES_AGGRESSIVE;
				CLANG_CXX_LANGUAGE_STANDARD = "gnu++14";
				CLANG_CXX_LIBRARY = "libc++";
				CLANG_ENABLE_MODULES = YES;
				CLANG_ENABLE_OBJC_ARC = YES;
				CLANG_ENABLE_OBJC_WEAK = YES;
				CLANG_WARN_BLOCK_CAPTURE_AUTORELEASING = YES;
				CLANG_WARN_BOOL_CONVERSION = YES;
				CLANG_WARN_COMMA = YES;
				CLANG_WARN_CONSTANT_CONVERSION = YES;
				CLANG_WARN_DEPRECATED_OBJC_IMPLEMENTATIONS = YES;
				CLANG_WARN_DIRECT_OBJC_ISA_USAGE = YES_ERROR;
				CLANG_WARN_DOCUMENTATION_COMMENTS = YES;
				CLANG_WARN_EMPTY_BODY = YES;
				CLANG_WARN_ENUM_CONVERSION = YES;
				CLANG_WARN_INFINITE_RECURSION = YES;
				CLANG_WARN_INT_CONVERSION = YES;
				CLANG_WARN_NON_LITERAL_NULL_CONVERSION = YES;
				CLANG_WARN_OBJC_IMPLICIT_RETAIN_SELF = YES;
				CLANG_WARN_OBJC_LITERAL_CONVERSION = YES;
				CLANG_WARN_OBJC_ROOT_CLASS = YES_ERROR;
				CLANG_WARN_QUOTED_INCLUDE_IN_FRAMEWORK_HEADER = YES;
				CLANG_WARN_RANGE_LOOP_ANALYSIS = YES;
				CLANG_WARN_STRICT_PROTOTYPES = YES;
				CLANG_WARN_SUSPICIOUS_MOVE = YES;
				CLANG_WARN_UNGUARDED_AVAILABILITY = YES_AGGRESSIVE;
				CLANG_WARN_UNREACHABLE_CODE = YES;
				CLANG_WARN__DUPLICATE_METHOD_MATCH = YES;
				COPY_PHASE_STRIP = NO;
				DEBUG_INFORMATION_FORMAT = "dwarf-with-dsym";
				ENABLE_NS_ASSERTIONS = NO;
				ENABLE_STRICT_OBJC_MSGSEND = YES;
				GCC_C_LANGUAGE_STANDARD = gnu11;
				GCC_NO_COMMON_BLOCKS = YES;
				GCC_WARN_64_TO_32_BIT_CONVERSION = YES;
				GCC_WARN_ABOUT_RETURN_TYPE = YES_ERROR;
				GCC_WARN_UNDECLARED_SELECTOR = YES;
				GCC_WARN_UNINITIALIZED_AUTOS = YES_AGGRESSIVE;
				GCC_WARN_UNUSED_FUNCTION = YES;
				GCC_WARN_UNUSED_VARIABLE = YES;
				MACOSX_DEPLOYMENT_TARGET = 10.14;
				MTL_ENABLE_DEBUG_INFO = NO;
				MTL_FAST_MATH = YES;
				PRODUCT_BUNDLE_IDENTIFIER = de.belox.DbgDemoUI;
				SDKROOT = macosx;
				SWIFT_COMPILATION_MODE = wholemodule;
				SWIFT_OPTIMIZATION_LEVEL = "-O";
			};
			name = Release;
		};
		32A84404262062C8001C6693 /* Debug */ = {
			isa = XCBuildConfiguration;
			buildSettings = {
				ASSETCATALOG_COMPILER_APPICON_NAME = AppIcon;
				ASSETCATALOG_COMPILER_GLOBAL_ACCENT_COLOR_NAME = AccentColor;
				CLANG_ENABLE_MODULES = YES;
				CODE_SIGN_ENTITLEMENTS = DbgDemoUI/DbgDemoUI.entitlements;
				CODE_SIGN_IDENTITY = "-";
				CODE_SIGN_STYLE = Automatic;
				COMBINE_HIDPI_IMAGES = YES;
				DEVELOPMENT_TEAM = "";
				ENABLE_HARDENED_RUNTIME = YES;
				INFOPLIST_FILE = DbgDemoUI/Info.plist;
				LD_RUNPATH_SEARCH_PATHS = (
					"$(inherited)",
					"@executable_path/../Frameworks",
				);
				PRODUCT_BUNDLE_IDENTIFIER = de.belox.DbgDemoUI;
				PRODUCT_NAME = "$(TARGET_NAME)";
				SWIFT_OBJC_BRIDGING_HEADER = "DbgDemoUI/DbgDemoUI-Bridging-Header.h";
				SWIFT_OPTIMIZATION_LEVEL = "-Onone";
				SWIFT_VERSION = 5.0;
			};
			name = Debug;
		};
		32A84405262062C8001C6693 /* Release */ = {
			isa = XCBuildConfiguration;
			buildSettings = {
				ASSETCATALOG_COMPILER_APPICON_NAME = AppIcon;
				ASSETCATALOG_COMPILER_GLOBAL_ACCENT_COLOR_NAME = AccentColor;
				CLANG_ENABLE_MODULES = YES;
				CODE_SIGN_ENTITLEMENTS = DbgDemoUI/DbgDemoUI.entitlements;
				CODE_SIGN_IDENTITY = "-";
				CODE_SIGN_STYLE = Automatic;
				COMBINE_HIDPI_IMAGES = YES;
				DEVELOPMENT_TEAM = "";
				ENABLE_HARDENED_RUNTIME = YES;
				INFOPLIST_FILE = DbgDemoUI/Info.plist;
				LD_RUNPATH_SEARCH_PATHS = (
					"$(inherited)",
					"@executable_path/../Frameworks",
				);
				PRODUCT_BUNDLE_IDENTIFIER = de.belox.DbgDemoUI;
				PRODUCT_NAME = "$(TARGET_NAME)";
				SWIFT_OBJC_BRIDGING_HEADER = "DbgDemoUI/DbgDemoUI-Bridging-Header.h";
				SWIFT_VERSION = 5.0;
			};
			name = Release;
		};
/* End XCBuildConfiguration section */

/* Begin XCConfigurationList section */
		32A843EE262062C6001C6693 /* Build configuration list for PBXProject "DbgDemoUI" */ = {
			isa = XCConfigurationList;
			buildConfigurations = (
				32A84401262062C8001C6693 /* Debug */,
				32A84402262062C8001C6693 /* Release */,
			);
			defaultConfigurationIsVisible = 0;
			defaultConfigurationName = Release;
		};
		32A84403262062C8001C6693 /* Build configuration list for PBXNativeTarget "DbgDemoUI" */ = {
			isa = XCConfigurationList;
			buildConfigurations = (
				32A84404262062C8001C6693 /* Debug */,
				32A84405262062C8001C6693 /* Release */,
			);
			defaultConfigurationIsVisible = 0;
			defaultConfigurationName = Release;
		};
/* End XCConfigurationList section */
	};
	rootObject = 32A843EB262062C6001C6693 /* Project object */;
}
